# THIS IS AN AUTOGENERATED FILE. DO NOT EDIT THIS FILE DIRECTLY.
# yarn lockfile v1


"@react-leaflet/core@^2.1.0":
  version "2.1.0"
  resolved "https://registry.yarnpkg.com/@react-leaflet/core/-/core-2.1.0.tgz#383acd31259d7c9ae8fb1b02d5e18fe613c2a13d"
  integrity sha512-Qk7Pfu8BSarKGqILj4x7bCSZ1pjuAPZ+qmRwH5S7mDS91VSbVVsJSrW4qA+GPrro8t69gFYVMWb1Zc4yFmPiVg==

leaflet@^1.9.3:
  version "1.9.3"
  resolved "https://registry.yarnpkg.com/leaflet/-/leaflet-1.9.3.tgz#52ec436954964e2d3d39e0d433da4b2500d74414"
  integrity sha512-iB2cR9vAkDOu5l3HAay2obcUHZ7xwUBBjph8+PGtmW/2lYhbLizWtG7nTeYht36WfOslixQF9D/uSIzhZgGMfQ==

react-leaflet@^4.2.0:
  version "4.2.0"
  resolved "https://registry.yarnpkg.com/react-leaflet/-/react-leaflet-4.2.0.tgz#6c2ee4b576209d9fe40e78006cfa37196c216eaa"
  integrity sha512-9d8T7hzYrQA5GLe3vn0qtRLJzQKgjr080NKa45yArGwuSl1nH/6aK9gp7DeYdktpdO1vKGSUTGW5AsUS064X0A==
  dependencies:
    "@react-leaflet/core" "^2.1.0"
